PODS:
  - SWTextAndImageButton (0.0.3)

DEPENDENCIES:
  - SWTextAndImageButton (from `../`)

EXTERNAL SOURCES:
  SWTextAndImageButton:
    :path: "../"

SPEC CHECKSUMS:
  SWTextAndImageButton: 848a83e07e23ee4a695efdda56234162b4265034

PODFILE CHECKSUM: fccdfdb5c002c861272ee0266c38f6d4c4e23de4

COCOAPODS: 1.2.1
